
Microsoft Visual Studio Solution File, Format Version 12.00
# Visual Studio 14
VisualStudioVersion = 14.0.24720.0
MinimumVisualStudioVersion = 10.0.40219.1
Project("{9092AA53-FB77-4645-B42D-1CCCA6BD08BD}") = "AskDada", "AskDada\AskDada.njsproj", "{A08C7774-7ED6-40F7-8167-870DC7B4FB11}"
EndProject
Global
	GlobalSection(SolutionConfigurationPlatforms) = preSolution
		Debug|Any CPU = Debug|Any CPU
		Release|Any CPU = Release|Any CPU
	EndGlobalSection
	GlobalSection(ProjectConfigurationPlatforms) = postSolution
		{A08C7774-7ED6-40F7-8167-870DC7B4FB11}.Debug|Any CPU.ActiveCfg = Debug|Any CPU
		{A08C7774-7ED6-40F7-8167-870DC7B4FB11}.Debug|Any CPU.Build.0 = Debug|Any CPU
		{A08C7774-7ED6-40F7-8167-870DC7B4FB11}.Release|Any CPU.ActiveCfg = Release|Any CPU
		{A08C7774-7ED6-40F7-8167-870DC7B4FB11}.Release|Any CPU.Build.0 = Release|Any CPU
	EndGlobalSection
	GlobalSection(SolutionProperties) = preSolution
		HideSolutionNode = FALSE
	EndGlobalSection
EndGlobal
